// !$*UTF8*$!
{
	archiveVersion = 1;
	classes = {
	};
	objectVersion = 48;
	objects = {

/* Begin PBXBuildFile section */
		FCBF806A1FCB25F000FEF16E /* AppDelegate.swift in Sources */ = {isa = PBXBuildFile; fileRef = FCBF80691FCB25F000FEF16E /* AppDelegate.swift */; };
		FCBF806C1FCB25F000FEF16E /* ViewController.swift in Sources */ = {isa = PBXBuildFile; fileRef = FCBF806B1FCB25F000FEF16E /* ViewController.swift */; };
		FCBF806F1FCB25F000FEF16E /* Main.storyboard in Resources */ = {isa = PBXBuildFile; fileRef = FCBF806D1FCB25F000FEF16E /* Main.storyboard */; };
		FCBF80711FCB25F000FEF16E /* Assets.xcassets in Resources */ = {isa = PBXBuildFile; fileRef = FCBF80701FCB25F000FEF16E /* Assets.xcassets */; };
		FCBF80741FCB25F000FEF16E /* LaunchScreen.storyboard in Resources */ = {isa = PBXBuildFile; fileRef = FCBF80721FCB25F000FEF16E /* LaunchScreen.storyboard */; };
/* End PBXBuildFile section */

/* Begin PBXFileReference section */
		FCBF80661FCB25F000FEF16E /* Chronograph.app */ = {isa = PBXFileReference; explicitFileType = wrapper.application; includeInIndex = 0; path = Chronograph.app; sourceTree = BUILT_PRODUCTS_DIR; };
		FCBF80691FCB25F000FEF16E /* AppDelegate.swift */ = {isa = PBXFileReference; lastKnownFileType = sourcecode.swift; path = AppDelegate.swift; sourceTree = "<group>"; };
		FCBF806B1FCB25F000FEF16E /* ViewController.swift */ = {isa = PBXFileReference; lastKnownFileType = sourcecode.swift; path = ViewController.swift; sourceTree = "<group>"; };
		FCBF806E1FCB25F000FEF16E /* Base */ = {isa = PBXFileReference; lastKnownFileType = file.storyboard; name = Base; path = Base.lproj/Main.storyboard; sourceTree = "<group>"; };
		FCBF80701FCB25F000FEF16E /* Assets.xcassets */ = {isa = PBXFileReference; lastKnownFileType = folder.assetcatalog; path = Assets.xcassets; sourceTree = "<group>"; };
		FCBF80731FCB25F000FEF16E /* Base */ = {isa = PBXFileReference; lastKnownFileType = file.storyboard; name = Base; path = Base.lproj/LaunchScreen.storyboard; sourceTree = "<group>"; };
		FCBF80751FCB25F000FEF16E /* Info.plist */ = {isa = PBXFileReference; lastKnownFileType = text.plist.xml; path = Info.plist; sourceTree = "<group>"; };
/* End PBXFileReference section */

/* Begin PBXFrameworksBuildPhase section */
		FCBF80631FCB25F000FEF16E /* Frameworks */ = {
			isa = PBXFrameworksBuildPhase;
			buildActionMask = 2147483647;
			files = (
			);
			runOnlyForDeploymentPostprocessing = 0;
		};
/* End PBXFrameworksBuildPhase section */

/* Begin PBXGroup section */
		FCBF805D1FCB25F000FEF16E = {
			isa = PBXGroup;
			children = (
				FCBF80681FCB25F000FEF16E /* Chronograph */,
				FCBF80671FCB25F000FEF16E /* Products */,
			);
			sourceTree = "<group>";
		};
		FCBF80671FCB25F000FEF16E /* Products */ = {
			isa = PBXGroup;
			children = (
				FCBF80661FCB25F000FEF16E /* Chronograph.app */,
			);
			name = Products;
			sourceTree = "<group>";
		};
		FCBF80681FCB25F000FEF16E /* Chronograph */ = {
			isa = PBXGroup;
			children = (
				FCBF80691FCB25F000FEF16E /* AppDelegate.swift */,
				FCBF806B1FCB25F000FEF16E /* ViewController.swift */,
				FCBF806D1FCB25F000FEF16E /* Main.storyboard */,
				FCBF80701FCB25F000FEF16E /* Assets.xcassets */,
				FCBF80721FCB25F000FEF16E /* LaunchScreen.storyboard */,
				FCBF80751FCB25F000FEF16E /* Info.plist */,
			);
			path = Chronograph;
			sourceTree = "<group>";
		};
/* End PBXGroup section */

/* Begin PBXNativeTarget section */
		FCBF80651FCB25F000FEF16E /* Chronograph */ = {
			isa = PBXNativeTarget;
			buildConfigurationList = FCBF80781FCB25F000FEF16E /* Build configuration list for PBXNativeTarget "Chronograph" */;
			buildPhases = (
				FCBF80621FCB25F000FEF16E /* Sources */,
				FCBF80631FCB25F000FEF16E /* Frameworks */,
				FCBF80641FCB25F000FEF16E /* Resources */,
			);
			buildRules = (
			);
			dependencies = (
			);
			name = Chronograph;
			productName = Chronograph;
			productReference = FCBF80661FCB25F000FEF16E /* Chronograph.app */;
			productType = "com.apple.product-type.application";
		};
/* End PBXNativeTarget section */

/* Begin PBXProject section */
		FCBF805E1FCB25F000FEF16E /* Project object */ = {
			isa = PBXProject;
			attributes = {
				LastSwiftUpdateCheck = 0910;
				LastUpgradeCheck = 0910;
				ORGANIZATIONNAME = wwk;
				TargetAttributes = {
					FCBF80651FCB25F000FEF16E = {
						CreatedOnToolsVersion = 9.1;
						ProvisioningStyle = Automatic;
					};
				};
			};
			buildConfigurationList = FCBF80611FCB25F000FEF16E /* Build configuration list for PBXProject "Chronograph" */;
			compatibilityVersion = "Xcode 8.0";
			developmentRegion = en;
			hasScannedForEncodings = 0;
			knownRegions = (
				en,
				Base,
			);
			mainGroup = FCBF805D1FCB25F000FEF16E;
			productRefGroup = FCBF80671FCB25F000FEF16E /* Products */;
			projectDirPath = "";
			projectRoot = "";
			targets = (
				FCBF80651FCB25F000FEF16E /* Chronograph */,
			);
		};
/* End PBXProject section */

/* Begin PBXResourcesBuildPhase section */
		FCBF80641FCB25F000FEF16E /* Resources */ = {
			isa = PBXResourcesBuildPhase;
			buildActionMask = 2147483647;
			files = (
				FCBF80741FCB25F000FEF16E /* LaunchScreen.storyboard in Resources */,
				FCBF80711FCB25F000FEF16E /* Assets.xcassets in Resources */,
				FCBF806F1FCB25F000FEF16E /* Main.storyboard in Resources */,
			);
			runOnlyForDeploymentPostprocessing = 0;
		};
/* End PBXResourcesBuildPhase section */

/* Begin PBXSourcesBuildPhase section */
		FCBF80621FCB25F000FEF16E /* Sources */ = {
			isa = PBXSourcesBuildPhase;
			buildActionMask = 2147483647;
			files = (
				FCBF806C1FCB25F000FEF16E /* ViewController.swift in Sources */,
				FCBF806A1FCB25F000FEF16E /* AppDelegate.swift in Sources */,
			);
			runOnlyForDeploymentPostprocessing = 0;
		};
/* End PBXSourcesBuildPhase section */

/* Begin PBXVariantGroup section */
		FCBF806D1FCB25F000FEF16E /* Main.storyboard */ = {
			isa = PBXVariantGroup;
			children = (
				FCBF806E1FCB25F000FEF16E /* Base */,
			);
			name = Main.storyboard;
			sourceTree = "<group>";
		};
		FCBF80721FCB25F000FEF16E /* LaunchScreen.storyboard */ = {
			isa = PBXVariantGroup;
			children = (
				FCBF80731FCB25F000FEF16E /* Base */,
			);
			name = LaunchScreen.storyboard;
			sourceTree = "<group>";
		};
/* End PBXVariantGroup section */

/* Begin XCBuildConfiguration section */
		FCBF80761FCB25F000FEF16E /* Debug */ = {
			isa = XCBuildConfiguration;
			buildSettings = {
				ALWAYS_SEARCH_USER_PATHS = NO;
				CLANG_ANALYZER_NONNULL = YES;
				CLANG_ANALYZER_NUMBER_OBJECT_CONVERSION = YES_AGGRESSIVE;
				CLANG_CXX_LANGUAGE_STANDARD = "gnu++14";
				CLANG_CXX_LIBRARY = "libc++";
				CLANG_ENABLE_MODULES = YES;
				CLANG_ENABLE_OBJC_ARC = YES;
				CLANG_WARN_BLOCK_CAPTURE_AUTORELEASING = YES;
				CLANG_WARN_BOOL_CONVERSION = YES;
				CLANG_WARN_COMMA = YES;
				CLANG_WARN_CONSTANT_CONVERSION = YES;
				CLANG_WARN_DIRECT_OBJC_ISA_USAGE = YES_ERROR;
				CLANG_WARN_DOCUMENTATION_COMMENTS = YES;
				CLANG_WARN_EMPTY_BODY = YES;
				CLANG_WARN_ENUM_CONVERSION = YES;
				CLANG_WARN_INFINITE_RECURSION = YES;
				CLANG_WARN_INT_CONVERSION = YES;
				CLANG_WARN_NON_LITERAL_NULL_CONVERSION = YES;
				CLANG_WARN_OBJC_LITERAL_CONVERSION = YES;
				CLANG_WARN_OBJC_ROOT_CLASS = YES_ERROR;
				CLANG_WARN_RANGE_LOOP_ANALYSIS = YES;
				CLANG_WARN_STRICT_PROTOTYPES = YES;
				CLANG_WARN_SUSPICIOUS_MOVE = YES;
				CLANG_WARN_UNGUARDED_AVAILABILITY = YES_AGGRESSIVE;
				CLANG_WARN_UNREACHABLE_CODE = YES;
				CLANG_WARN__DUPLICATE_METHOD_MATCH = YES;
				CODE_SIGN_IDENTITY = "iPhone Developer";
				COPY_PHASE_STRIP = NO;
				DEBUG_INFORMATION_FORMAT = dwarf;
				ENABLE_STRICT_OBJC_MSGSEND = YES;
				ENABLE_TESTABILITY = YES;
				GCC_C_LANGUAGE_STANDARD = gnu11;
				GCC_DYNAMIC_NO_PIC = NO;
				GCC_NO_COMMON_BLOCKS = YES;
				GCC_OPTIMIZATION_LEVEL = 0;
				GCC_PREPROCESSOR_DEFINITIONS = (
					"DEBUG=1",
					"$(inherited)",
				);
				GCC_WARN_64_TO_32_BIT_CONVERSION = YES;
				GCC_WARN_ABOUT_RETURN_TYPE = YES_ERROR;
				GCC_WARN_UNDECLARED_SELECTOR = YES;
				GCC_WARN_UNINITIALIZED_AUTOS = YES_AGGRESSIVE;
				GCC_WARN_UNUSED_FUNCTION = YES;
				GCC_WARN_UNUSED_VARIABLE = YES;
				IPHONEOS_DEPLOYMENT_TARGET = 11.1;
				MTL_ENABLE_DEBUG_INFO = YES;
				ONLY_ACTIVE_ARCH = YES;
				SDKROOT = iphoneos;
				SWIFT_ACTIVE_COMPILATION_CONDITIONS = DEBUG;
				SWIFT_OPTIMIZATION_LEVEL = "-Onone";
			};
			name = Debug;
		};
		FCBF80771FCB25F000FEF16E /* Release */ = {
			isa = XCBuildConfiguration;
			buildSettings = {
				ALWAYS_SEARCH_USER_PATHS = NO;
				CLANG_ANALYZER_NONNULL = YES;
				CLANG_ANALYZER_NUMBER_OBJECT_CONVERSION = YES_AGGRESSIVE;
				CLANG_CXX_LANGUAGE_STANDARD = "gnu++14";
				CLANG_CXX_LIBRARY = "libc++";
				CLANG_ENABLE_MODULES = YES;
				CLANG_ENABLE_OBJC_ARC = YES;
				CLANG_WARN_BLOCK_CAPTURE_AUTORELEASING = YES;
				CLANG_WARN_BOOL_CONVERSION = YES;
				CLANG_WARN_COMMA = YES;
				CLANG_WARN_CONSTANT_CONVERSION = YES;
				CLANG_WARN_DIRECT_OBJC_ISA_USAGE = YES_ERROR;
				CLANG_WARN_DOCUMENTATION_COMMENTS = YES;
				CLANG_WARN_EMPTY_BODY = YES;
				CLANG_WARN_ENUM_CONVERSION = YES;
				CLANG_WARN_INFINITE_RECURSION = YES;
				CLANG_WARN_INT_CONVERSION = YES;
				CLANG_WARN_NON_LITERAL_NULL_CONVERSION = YES;
				CLANG_WARN_OBJC_LITERAL_CONVERSION = YES;
				CLANG_WARN_OBJC_ROOT_CLASS = YES_ERROR;
				CLANG_WARN_RANGE_LOOP_ANALYSIS = YES;
				CLANG_WARN_STRICT_PROTOTYPES = YES;
				CLANG_WARN_SUSPICIOUS_MOVE = YES;
				CLANG_WARN_UNGUARDED_AVAILABILITY = YES_AGGRESSIVE;
				CLANG_WARN_UNREACHABLE_CODE = YES;
				CLANG_WARN__DUPLICATE_METHOD_MATCH = YES;
				CODE_SIGN_IDENTITY = "iPhone Developer";
				COPY_PHASE_STRIP = NO;
				DEBUG_INFORMATION_FORMAT = "dwarf-with-dsym";
				ENABLE_NS_ASSERTIONS = NO;
				ENABLE_STRICT_OBJC_MSGSEND = YES;
				GCC_C_LANGUAGE_STANDARD = gnu11;
				GCC_NO_COMMON_BLOCKS = YES;
				GCC_WARN_64_TO_32_BIT_CONVERSION = YES;
				GCC_WARN_ABOUT_RETURN_TYPE = YES_ERROR;
				GCC_WARN_UNDECLARED_SELECTOR = YES;
				GCC_WARN_UNINITIALIZED_AUTOS = YES_AGGRESSIVE;
				GCC_WARN_UNUSED_FUNCTION = YES;
				GCC_WARN_UNUSED_VARIABLE = YES;
				IPHONEOS_DEPLOYMENT_TARGET = 11.1;
				MTL_ENABLE_DEBUG_INFO = NO;
				SDKROOT = iphoneos;
				SWIFT_OPTIMIZATION_LEVEL = "-Owholemodule";
				VALIDATE_PRODUCT = YES;
			};
			name = Release;
		};
		FCBF80791FCB25F000FEF16E /* Debug */ = {
			isa = XCBuildConfiguration;
			buildSettings = {
				ASSETCATALOG_COMPILER_APPICON_NAME = AppIcon;
				CODE_SIGN_STYLE = Automatic;
				DEVELOPMENT_TEAM = 62VG67H5P9;
				INFOPLIST_FILE = Chronograph/Info.plist;
				LD_RUNPATH_SEARCH_PATHS = "$(inherited) @executable_path/Frameworks";
				PRODUCT_BUNDLE_IDENTIFIER = "com.Weikai-Wang.Chronograph";
				PRODUCT_NAME = "$(TARGET_NAME)";
				SWIFT_VERSION = 4.0;
				TARGETED_DEVICE_FAMILY = "1,2";
			};
			name = Debug;
		};
		FCBF807A1FCB25F000FEF16E /* Release */ = {
			isa = XCBuildConfiguration;
			buildSettings = {
				ASSETCATALOG_COMPILER_APPICON_NAME = AppIcon;
				CODE_SIGN_STYLE = Automatic;
				DEVELOPMENT_TEAM = 62VG67H5P9;
				INFOPLIST_FILE = Chronograph/Info.plist;
				LD_RUNPATH_SEARCH_PATHS = "$(inherited) @executable_path/Frameworks";
				PRODUCT_BUNDLE_IDENTIFIER = "com.Weikai-Wang.Chronograph";
				PRODUCT_NAME = "$(TARGET_NAME)";
				SWIFT_VERSION = 4.0;
				TARGETED_DEVICE_FAMILY = "1,2";
			};
			name = Release;
		};
/* End XCBuildConfiguration section */

/* Begin XCConfigurationList section */
		FCBF80611FCB25F000FEF16E /* Build configuration list for PBXProject "Chronograph" */ = {
			isa = XCConfigurationList;
			buildConfigurations = (
				FCBF80761FCB25F000FEF16E /* Debug */,
				FCBF80771FCB25F000FEF16E /* Release */,
			);
			defaultConfigurationIsVisible = 0;
			defaultConfigurationName = Release;
		};
		FCBF80781FCB25F000FEF16E /* Build configuration list for PBXNativeTarget "Chronograph" */ = {
			isa = XCConfigurationList;
			buildConfigurations = (
				FCBF80791FCB25F000FEF16E /* Debug */,
				FCBF807A1FCB25F000FEF16E /* Release */,
			);
			defaultConfigurationIsVisible = 0;
			defaultConfigurationName = Release;
		};
/* End XCConfigurationList section */
	};
	rootObject = FCBF805E1FCB25F000FEF16E /* Project object */;
}
